// !$*UTF8*$!
{
	archiveVersion = 1;
	classes = {
	};
	objectVersion = 77;
	objects = {

/* Begin PBXBuildFile section */
		332A3A9C2F9A8B1700038615 /* PartnerStore.swift in Sources */ = {isa = PBXBuildFile; fileRef = 332A3A9B2F9A8B1700038615 /* PartnerStore.swift */; };
		332A3A9E2F9A8B1E00038615 /* Models.swift in Sources */ = {isa = PBXBuildFile; fileRef = 332A3A9D2F9A8B1E00038615 /* Models.swift */; };
		332A3AA02F9A975000038615 /* BasketManager.swift in Sources */ = {isa = PBXBuildFile; fileRef = 332A3A9F2F9A971D00038615 /* BasketManager.swift */; };
		332A3AA22F9AA91D00038615 /* LocationManager.swift in Sources */ = {isa = PBXBuildFile; fileRef = 332A3AA12F9AA90E00038615 /* LocationManager.swift */; };
		332A3AA62F9AE79B00038615 /* PastOrdersView.swift in Sources */ = {isa = PBXBuildFile; fileRef = 332A3AA52F9AE78900038615 /* PastOrdersView.swift */; };
		332A3AAA2F9B107400038615 /* EditDetailsView.swift in Sources */ = {isa = PBXBuildFile; fileRef = 332A3AA92F9B106500038615 /* EditDetailsView.swift */; };
		335EF3ED2F1D72D30098277C /* HealthKitManager.swift in Sources */ = {isa = PBXBuildFile; fileRef = 335EF3EC2F1D72B40098277C /* HealthKitManager.swift */; };
		335EF3EF2F1D72E30098277C /* ContentView.swift in Sources */ = {isa = PBXBuildFile; fileRef = 335EF3EE2F1D72D80098277C /* ContentView.swift */; };
		335EF3F12F1D72EE0098277C /* OnboardingView.swift in Sources */ = {isa = PBXBuildFile; fileRef = 335EF3F02F1D72E60098277C /* OnboardingView.swift */; };
		335EF3F32F1D72F90098277C /* HomeView.swift in Sources */ = {isa = PBXBuildFile; fileRef = 335EF3F22F1D72F90098277C /* HomeView.swift */; };
		335EF3F52F1D731B0098277C /* WorkoutsListView.swift in Sources */ = {isa = PBXBuildFile; fileRef = 335EF3F42F1D73190098277C /* WorkoutsListView.swift */; };
		335EF3F72F1D732E0098277C /* ProfileView.swift in Sources */ = {isa = PBXBuildFile; fileRef = 335EF3F62F1D732B0098277C /* ProfileView.swift */; };
		339711672F9456E100D1CD51 /* SplashView.swift in Sources */ = {isa = PBXBuildFile; fileRef = 339711652F9456D800D1CD51 /* SplashView.swift */; };
		339711692F945FBF00D1CD51 /* OnboardingCarouselView.swift in Sources */ = {isa = PBXBuildFile; fileRef = 339711682F945FBB00D1CD51 /* OnboardingCarouselView.swift */; };
		3397116B2F94617600D1CD51 /*   AuthSheet.swift in Sources */ = {isa = PBXBuildFile; fileRef = 3397116A2F94616E00D1CD51 /*   AuthSheet.swift */; };
		3397116D2F956D7E00D1CD51 /* WelcomeView.swift in Sources */ = {isa = PBXBuildFile; fileRef = 3397116C2F956D6700D1CD51 /* WelcomeView.swift */; };
		3397116F2F9578B600D1CD51 /* SyncHealthView.swift in Sources */ = {isa = PBXBuildFile; fileRef = 3397116E2F9578A000D1CD51 /* SyncHealthView.swift */; };
		339711712F958AB500D1CD51 /* NotificationsPermissionView.swift in Sources */ = {isa = PBXBuildFile; fileRef = 339711702F958AB200D1CD51 /* NotificationsPermissionView.swift */; };
		339711732F95A9B600D1CD51 /* LeaderboardView.swift in Sources */ = {isa = PBXBuildFile; fileRef = 339711722F95A9B600D1CD51 /* LeaderboardView.swift */; };
		339711752F95A9CA00D1CD51 /* MapView.swift in Sources */ = {isa = PBXBuildFile; fileRef = 339711742F95A9CA00D1CD51 /* MapView.swift */; };
		339711772F95AB1700D1CD51 /* FilteredPartnersView.swift in Sources */ = {isa = PBXBuildFile; fileRef = 339711762F95AB1400D1CD51 /* FilteredPartnersView.swift */; };
		339711792F95AE1000D1CD51 /* ShoreditchLondon.gpx in Resources */ = {isa = PBXBuildFile; fileRef = 339711782F95AE1000D1CD51 /* ShoreditchLondon.gpx */; };
		339711892F96C88E00D1CD51 /* FilterSheet.swift in Sources */ = {isa = PBXBuildFile; fileRef = 339711882F96C88200D1CD51 /* FilterSheet.swift */; };
		3397118B2F96D2AF00D1CD51 /* BasketView.swift in Sources */ = {isa = PBXBuildFile; fileRef = 3397118A2F96D2A200D1CD51 /* BasketView.swift */; };
		3397118D2F96E24100D1CD51 /* FavouritesView.swift in Sources */ = {isa = PBXBuildFile; fileRef = 3397118C2F96E23500D1CD51 /* FavouritesView.swift */; };
		3397118F2F96E27600D1CD51 /* VoucherView.swift in Sources */ = {isa = PBXBuildFile; fileRef = 3397118E2F96E26700D1CD51 /* VoucherView.swift */; };
		3397119F2F982FCA00D1CD51 /* WalletView.swift in Sources */ = {isa = PBXBuildFile; fileRef = 3397119E2F982FC000D1CD51 /* WalletView.swift */; };
		339711A12F982FE200D1CD51 /* VoucherStore.swift in Sources */ = {isa = PBXBuildFile; fileRef = 339711A02F982FD800D1CD51 /* VoucherStore.swift */; };
		339711A32F98480800D1CD51 /* SykleColors.swift in Sources */ = {isa = PBXBuildFile; fileRef = 339711A22F98480800D1CD51 /* SykleColors.swift */; };
		33D412692F366A9000A6F8B8 /* PartnerDetailView.swift in Sources */ = {isa = PBXBuildFile; fileRef = 33D412672F366A9000A6F8B8 /* PartnerDetailView.swift */; };
		33D4126A2F366A9000A6F8B8 /* PartnersView.swift in Sources */ = {isa = PBXBuildFile; fileRef = 33D412682F366A9000A6F8B8 /* PartnersView.swift */; };
		33D412722F366AA700A6F8B8 /* Secrets.swift in Sources */ = {isa = PBXBuildFile; fileRef = 33D4126F2F366AA700A6F8B8 /* Secrets.swift */; };
		33D412732F366AA700A6F8B8 /* Config.swift in Sources */ = {isa = PBXBuildFile; fileRef = 33D4126C2F366AA700A6F8B8 /* Config.swift */; };
		33D412742F366AA700A6F8B8 /* NetworkManager.swift in Sources */ = {isa = PBXBuildFile; fileRef = 33D4126E2F366AA700A6F8B8 /* NetworkManager.swift */; };
		33D412752F366AA700A6F8B8 /* UserManager.swift in Sources */ = {isa = PBXBuildFile; fileRef = 33D412712F366AA700A6F8B8 /* UserManager.swift */; };
		33D412772F366AA700A6F8B8 /* LoginSheet.swift in Sources */ = {isa = PBXBuildFile; fileRef = 33D4126D2F366AA700A6F8B8 /* LoginSheet.swift */; };
		33D412782F366AA700A6F8B8 /* APIModels.swift in Sources */ = {isa = PBXBuildFile; fileRef = 33D4126B2F366AA700A6F8B8 /* APIModels.swift */; };
		33E2BFC82F913DD400855F5D /* QRCodeGenerator.swift in Sources */ = {isa = PBXBuildFile; fileRef = 33E2BFC72F913DBE00855F5D /* QRCodeGenerator.swift */; };
/* End PBXBuildFile section */

/* Begin PBXContainerItemProxy section */
		335EF3CF2F1D545B0098277C /* PBXContainerItemProxy */ = {
			isa = PBXContainerItemProxy;
			containerPortal = 335EF3B62F1D54580098277C /* Project object */;
			proxyType = 1;
			remoteGlobalIDString = 335EF3BD2F1D54580098277C;
			remoteInfo = Sykle;
		};
		335EF3D92F1D545B0098277C /* PBXContainerItemProxy */ = {
			isa = PBXContainerItemProxy;
			containerPortal = 335EF3B62F1D54580098277C /* Project object */;
			proxyType = 1;
			remoteGlobalIDString = 335EF3BD2F1D54580098277C;
			remoteInfo = Sykle;
		};
/* End PBXContainerItemProxy section */

/* Begin PBXFileReference section */
		332A3A9B2F9A8B1700038615 /* PartnerStore.swift */ = {isa = PBXFileReference; lastKnownFileType = sourcecode.swift; path = PartnerStore.swift; sourceTree = "<group>"; };
		332A3A9D2F9A8B1E00038615 /* Models.swift */ = {isa = PBXFileReference; lastKnownFileType = sourcecode.swift; path = Models.swift; sourceTree = "<group>"; };
		332A3A9F2F9A971D00038615 /* BasketManager.swift */ = {isa = PBXFileReference; lastKnownFileType = sourcecode.swift; path = BasketManager.swift; sourceTree = "<group>"; };
		332A3AA12F9AA90E00038615 /* LocationManager.swift */ = {isa = PBXFileReference; lastKnownFileType = sourcecode.swift; path = LocationManager.swift; sourceTree = "<group>"; };
		332A3AA52F9AE78900038615 /* PastOrdersView.swift */ = {isa = PBXFileReference; lastKnownFileType = sourcecode.swift; path = PastOrdersView.swift; sourceTree = "<group>"; };
		332A3AA92F9B106500038615 /* EditDetailsView.swift */ = {isa = PBXFileReference; lastKnownFileType = sourcecode.swift; path = EditDetailsView.swift; sourceTree = "<group>"; };
		335EF3BE2F1D54580098277C /* Sykle.app */ = {isa = PBXFileReference; explicitFileType = wrapper.application; includeInIndex = 0; path = Sykle.app; sourceTree = BUILT_PRODUCTS_DIR; };
		335EF3CE2F1D545B0098277C /* SykleTests.xctest */ = {isa = PBXFileReference; explicitFileType = wrapper.cfbundle; includeInIndex = 0; path = SykleTests.xctest; sourceTree = BUILT_PRODUCTS_DIR; };
		335EF3D82F1D545B0098277C /* SykleUITests.xctest */ = {isa = PBXFileReference; explicitFileType = wrapper.cfbundle; includeInIndex = 0; path = SykleUITests.xctest; sourceTree = BUILT_PRODUCTS_DIR; };
		335EF3EC2F1D72B40098277C /* HealthKitManager.swift */ = {isa = PBXFileReference; lastKnownFileType = sourcecode.swift; path = HealthKitManager.swift; sourceTree = "<group>"; };
		335EF3EE2F1D72D80098277C /* ContentView.swift */ = {isa = PBXFileReference; lastKnownFileType = sourcecode.swift; path = ContentView.swift; sourceTree = "<group>"; };
		335EF3F02F1D72E60098277C /* OnboardingView.swift */ = {isa = PBXFileReference; lastKnownFileType = sourcecode.swift; path = OnboardingView.swift; sourceTree = "<group>"; };
		335EF3F22F1D72F90098277C /* HomeView.swift */ = {isa = PBXFileReference; lastKnownFileType = sourcecode.swift; path = HomeView.swift; sourceTree = "<group>"; };
		335EF3F42F1D73190098277C /* WorkoutsListView.swift */ = {isa = PBXFileReference; lastKnownFileType = sourcecode.swift; path = WorkoutsListView.swift; sourceTree = "<group>"; };
		335EF3F62F1D732B0098277C /* ProfileView.swift */ = {isa = PBXFileReference; lastKnownFileType = sourcecode.swift; path = ProfileView.swift; sourceTree = "<group>"; };
		339711652F9456D800D1CD51 /* SplashView.swift */ = {isa = PBXFileReference; lastKnownFileType = sourcecode.swift; path = SplashView.swift; sourceTree = "<group>"; };
		339711682F945FBB00D1CD51 /* OnboardingCarouselView.swift */ = {isa = PBXFileReference; lastKnownFileType = sourcecode.swift; path = OnboardingCarouselView.swift; sourceTree = "<group>"; };
		3397116A2F94616E00D1CD51 /*   AuthSheet.swift */ = {isa = PBXFileReference; lastKnownFileType = sourcecode.swift; path = "  AuthSheet.swift"; sourceTree = "<group>"; };
		3397116C2F956D6700D1CD51 /* WelcomeView.swift */ = {isa = PBXFileReference; lastKnownFileType = sourcecode.swift; path = WelcomeView.swift; sourceTree = "<group>"; };
		3397116E2F9578A000D1CD51 /* SyncHealthView.swift */ = {isa = PBXFileReference; lastKnownFileType = sourcecode.swift; path = SyncHealthView.swift; sourceTree = "<group>"; };
		339711702F958AB200D1CD51 /* NotificationsPermissionView.swift */ = {isa = PBXFileReference; lastKnownFileType = sourcecode.swift; path = NotificationsPermissionView.swift; sourceTree = "<group>"; };
		339711722F95A9B600D1CD51 /* LeaderboardView.swift */ = {isa = PBXFileReference; lastKnownFileType = sourcecode.swift; path = LeaderboardView.swift; sourceTree = "<group>"; };
		339711742F95A9CA00D1CD51 /* MapView.swift */ = {isa = PBXFileReference; lastKnownFileType = sourcecode.swift; path = MapView.swift; sourceTree = "<group>"; };
		339711762F95AB1400D1CD51 /* FilteredPartnersView.swift */ = {isa = PBXFileReference; lastKnownFileType = sourcecode.swift; path = FilteredPartnersView.swift; sourceTree = "<group>"; };
		339711782F95AE1000D1CD51 /* ShoreditchLondon.gpx */ = {isa = PBXFileReference; lastKnownFileType = text.xml; path = ShoreditchLondon.gpx; sourceTree = "<group>"; };
		339711882F96C88200D1CD51 /* FilterSheet.swift */ = {isa = PBXFileReference; lastKnownFileType = sourcecode.swift; path = FilterSheet.swift; sourceTree = "<group>"; };
		3397118A2F96D2A200D1CD51 /* BasketView.swift */ = {isa = PBXFileReference; lastKnownFileType = sourcecode.swift; path = BasketView.swift; sourceTree = "<group>"; };
		3397118C2F96E23500D1CD51 /* FavouritesView.swift */ = {isa = PBXFileReference; lastKnownFileType = sourcecode.swift; path = FavouritesView.swift; sourceTree = "<group>"; };
		3397118E2F96E26700D1CD51 /* VoucherView.swift */ = {isa = PBXFileReference; lastKnownFileType = sourcecode.swift; path = VoucherView.swift; sourceTree = "<group>"; };
		3397119E2F982FC000D1CD51 /* WalletView.swift */ = {isa = PBXFileReference; lastKnownFileType = sourcecode.swift; path = WalletView.swift; sourceTree = "<group>"; };
		339711A02F982FD800D1CD51 /* VoucherStore.swift */ = {isa = PBXFileReference; lastKnownFileType = sourcecode.swift; path = VoucherStore.swift; sourceTree = "<group>"; };
		339711A22F98480800D1CD51 /* SykleColors.swift */ = {isa = PBXFileReference; lastKnownFileType = sourcecode.swift; path = SykleColors.swift; sourceTree = "<group>"; };
		33D412672F366A9000A6F8B8 /* PartnerDetailView.swift */ = {isa = PBXFileReference; lastKnownFileType = sourcecode.swift; path = PartnerDetailView.swift; sourceTree = "<group>"; };
		33D412682F366A9000A6F8B8 /* PartnersView.swift */ = {isa = PBXFileReference; lastKnownFileType = sourcecode.swift; path = PartnersView.swift; sourceTree = "<group>"; };
		33D4126B2F366AA700A6F8B8 /* APIModels.swift */ = {isa = PBXFileReference; lastKnownFileType = sourcecode.swift; path = APIModels.swift; sourceTree = "<group>"; };
		33D4126C2F366AA700A6F8B8 /* Config.swift */ = {isa = PBXFileReference; lastKnownFileType = sourcecode.swift; path = Config.swift; sourceTree = "<group>"; };
		33D4126D2F366AA700A6F8B8 /* LoginSheet.swift */ = {isa = PBXFileReference; lastKnownFileType = sourcecode.swift; path = LoginSheet.swift; sourceTree = "<group>"; };
		33D4126E2F366AA700A6F8B8 /* NetworkManager.swift */ = {isa = PBXFileReference; lastKnownFileType = sourcecode.swift; path = NetworkManager.swift; sourceTree = "<group>"; };
		33D4126F2F366AA700A6F8B8 /* Secrets.swift */ = {isa = PBXFileReference; lastKnownFileType = sourcecode.swift; path = Secrets.swift; sourceTree = "<group>"; };
		33D412712F366AA700A6F8B8 /* UserManager.swift */ = {isa = PBXFileReference; lastKnownFileType = sourcecode.swift; path = UserManager.swift; sourceTree = "<group>"; };
		33E2BFC72F913DBE00855F5D /* QRCodeGenerator.swift */ = {isa = PBXFileReference; lastKnownFileType = sourcecode.swift; path = QRCodeGenerator.swift; sourceTree = "<group>"; };
/* End PBXFileReference section */

/* Begin PBXFileSystemSynchronizedBuildFileExceptionSet section */
		332A3AA42F9AA9D200038615 /* Exceptions for "Sykle" folder in "Sykle" target */ = {
			isa = PBXFileSystemSynchronizedBuildFileExceptionSet;
			membershipExceptions = (
				Info.plist,
			);
			target = 335EF3BD2F1D54580098277C /* Sykle */;
		};
/* End PBXFileSystemSynchronizedBuildFileExceptionSet section */

/* Begin PBXFileSystemSynchronizedRootGroup section */
		335EF3C02F1D54580098277C /* Sykle */ = {
			isa = PBXFileSystemSynchronizedRootGroup;
			exceptions = (
				332A3AA42F9AA9D200038615 /* Exceptions for "Sykle" folder in "Sykle" target */,
			);
			path = Sykle;
			sourceTree = "<group>";
		};
		335EF3D12F1D545B0098277C /* SykleTests */ = {
			isa = PBXFileSystemSynchronizedRootGroup;
			path = SykleTests;
			sourceTree = "<group>";
		};
		335EF3DB2F1D545B0098277C /* SykleUITests */ = {
			isa = PBXFileSystemSynchronizedRootGroup;
			path = SykleUITests;
			sourceTree = "<group>";
		};
/* End PBXFileSystemSynchronizedRootGroup section */

/* Begin PBXFrameworksBuildPhase section */
		335EF3BB2F1D54580098277C /* Frameworks */ = {
			isa = PBXFrameworksBuildPhase;
			buildActionMask = 2147483647;
			files = (
			);
			runOnlyForDeploymentPostprocessing = 0;
		};
		335EF3CB2F1D545B0098277C /* Frameworks */ = {
			isa = PBXFrameworksBuildPhase;
			buildActionMask = 2147483647;
			files = (
			);
			runOnlyForDeploymentPostprocessing = 0;
		};
		335EF3D52F1D545B0098277C /* Frameworks */ = {
			isa = PBXFrameworksBuildPhase;
			buildActionMask = 2147483647;
			files = (
			);
			runOnlyForDeploymentPostprocessing = 0;
		};
/* End PBXFrameworksBuildPhase section */

/* Begin PBXGroup section */
		335EF3B52F1D54580098277C = {
			isa = PBXGroup;
			children = (
				335EF3EC2F1D72B40098277C /* HealthKitManager.swift */,
				335EF3EE2F1D72D80098277C /* ContentView.swift */,
				335EF3F02F1D72E60098277C /* OnboardingView.swift */,
				335EF3F22F1D72F90098277C /* HomeView.swift */,
				3397119E2F982FC000D1CD51 /* WalletView.swift */,
				339711A02F982FD800D1CD51 /* VoucherStore.swift */,
				3397118C2F96E23500D1CD51 /* FavouritesView.swift */,
				3397118E2F96E26700D1CD51 /* VoucherView.swift */,
				339711882F96C88200D1CD51 /* FilterSheet.swift */,
				339711762F95AB1400D1CD51 /* FilteredPartnersView.swift */,
				33D412672F366A9000A6F8B8 /* PartnerDetailView.swift */,
				3397118A2F96D2A200D1CD51 /* BasketView.swift */,
				332A3A9F2F9A971D00038615 /* BasketManager.swift */,
				33D412682F366A9000A6F8B8 /* PartnersView.swift */,
				33D4126B2F366AA700A6F8B8 /* APIModels.swift */,
				33D4126C2F366AA700A6F8B8 /* Config.swift */,
				33D4126D2F366AA700A6F8B8 /* LoginSheet.swift */,
				33D4126E2F366AA700A6F8B8 /* NetworkManager.swift */,
				33E2BFC72F913DBE00855F5D /* QRCodeGenerator.swift */,
				33D4126F2F366AA700A6F8B8 /* Secrets.swift */,
				33D412712F366AA700A6F8B8 /* UserManager.swift */,
				332A3AA92F9B106500038615 /* EditDetailsView.swift */,
				339711652F9456D800D1CD51 /* SplashView.swift */,
				339711682F945FBB00D1CD51 /* OnboardingCarouselView.swift */,
				3397116A2F94616E00D1CD51 /*   AuthSheet.swift */,
				3397116C2F956D6700D1CD51 /* WelcomeView.swift */,
				3397116E2F9578A000D1CD51 /* SyncHealthView.swift */,
				335EF3F62F1D732B0098277C /* ProfileView.swift */,
				339711702F958AB200D1CD51 /* NotificationsPermissionView.swift */,
				332A3AA52F9AE78900038615 /* PastOrdersView.swift */,
				335EF3F42F1D73190098277C /* WorkoutsListView.swift */,
				335EF3C02F1D54580098277C /* Sykle */,
				335EF3D12F1D545B0098277C /* SykleTests */,
				335EF3DB2F1D545B0098277C /* SykleUITests */,
				335EF3BF2F1D54580098277C /* Products */,
				339711722F95A9B600D1CD51 /* LeaderboardView.swift */,
				339711742F95A9CA00D1CD51 /* MapView.swift */,
				339711782F95AE1000D1CD51 /* ShoreditchLondon.gpx */,
				339711A22F98480800D1CD51 /* SykleColors.swift */,
				332A3A9B2F9A8B1700038615 /* PartnerStore.swift */,
				332A3AA12F9AA90E00038615 /* LocationManager.swift */,
				332A3A9D2F9A8B1E00038615 /* Models.swift */,
			);
			sourceTree = "<group>";
		};
		335EF3BF2F1D54580098277C /* Products */ = {
			isa = PBXGroup;
			children = (
				335EF3BE2F1D54580098277C /* Sykle.app */,
				335EF3CE2F1D545B0098277C /* SykleTests.xctest */,
				335EF3D82F1D545B0098277C /* SykleUITests.xctest */,
			);
			name = Products;
			sourceTree = "<group>";
		};
/* End PBXGroup section */

/* Begin PBXNativeTarget section */
		335EF3BD2F1D54580098277C /* Sykle */ = {
			isa = PBXNativeTarget;
			buildConfigurationList = 335EF3E22F1D545B0098277C /* Build configuration list for PBXNativeTarget "Sykle" */;
			buildPhases = (
				335EF3BA2F1D54580098277C /* Sources */,
				335EF3BB2F1D54580098277C /* Frameworks */,
				335EF3BC2F1D54580098277C /* Resources */,
			);
			buildRules = (
			);
			dependencies = (
			);
			fileSystemSynchronizedGroups = (
				335EF3C02F1D54580098277C /* Sykle */,
			);
			name = Sykle;
			packageProductDependencies = (
			);
			productName = Sykle;
			productReference = 335EF3BE2F1D54580098277C /* Sykle.app */;
			productType = "com.apple.product-type.application";
		};
		335EF3CD2F1D545B0098277C /* SykleTests */ = {
			isa = PBXNativeTarget;
			buildConfigurationList = 335EF3E52F1D545B0098277C /* Build configuration list for PBXNativeTarget "SykleTests" */;
			buildPhases = (
				335EF3CA2F1D545B0098277C /* Sources */,
				335EF3CB2F1D545B0098277C /* Frameworks */,
				335EF3CC2F1D545B0098277C /* Resources */,
			);
			buildRules = (
			);
			dependencies = (
				335EF3D02F1D545B0098277C /* PBXTargetDependency */,
			);
			fileSystemSynchronizedGroups = (
				335EF3D12F1D545B0098277C /* SykleTests */,
			);
			name = SykleTests;
			packageProductDependencies = (
			);
			productName = SykleTests;
			productReference = 335EF3CE2F1D545B0098277C /* SykleTests.xctest */;
			productType = "com.apple.product-type.bundle.unit-test";
		};
		335EF3D72F1D545B0098277C /* SykleUITests */ = {
			isa = PBXNativeTarget;
			buildConfigurationList = 335EF3E82F1D545B0098277C /* Build configuration list for PBXNativeTarget "SykleUITests" */;
			buildPhases = (
				335EF3D42F1D545B0098277C /* Sources */,
				335EF3D52F1D545B0098277C /* Frameworks */,
				335EF3D62F1D545B0098277C /* Resources */,
			);
			buildRules = (
			);
			dependencies = (
				335EF3DA2F1D545B0098277C /* PBXTargetDependency */,
			);
			fileSystemSynchronizedGroups = (
				335EF3DB2F1D545B0098277C /* SykleUITests */,
			);
			name = SykleUITests;
			packageProductDependencies = (
			);
			productName = SykleUITests;
			productReference = 335EF3D82F1D545B0098277C /* SykleUITests.xctest */;
			productType = "com.apple.product-type.bundle.ui-testing";
		};
/* End PBXNativeTarget section */

/* Begin PBXProject section */
		335EF3B62F1D54580098277C /* Project object */ = {
			isa = PBXProject;
			attributes = {
				BuildIndependentTargetsInParallel = 1;
				LastSwiftUpdateCheck = 1620;
				LastUpgradeCheck = 2620;
				TargetAttributes = {
					335EF3BD2F1D54580098277C = {
						CreatedOnToolsVersion = 16.2;
					};
					335EF3CD2F1D545B0098277C = {
						CreatedOnToolsVersion = 16.2;
						TestTargetID = 335EF3BD2F1D54580098277C;
					};
					335EF3D72F1D545B0098277C = {
						CreatedOnToolsVersion = 16.2;
						TestTargetID = 335EF3BD2F1D54580098277C;
					};
				};
			};
			buildConfigurationList = 335EF3B92F1D54580098277C /* Build configuration list for PBXProject "Sykle" */;
			developmentRegion = en;
			hasScannedForEncodings = 0;
			knownRegions = (
				en,
				Base,
			);
			mainGroup = 335EF3B52F1D54580098277C;
			minimizedProjectReferenceProxies = 1;
			preferredProjectObjectVersion = 77;
			productRefGroup = 335EF3BF2F1D54580098277C /* Products */;
			projectDirPath = "";
			projectRoot = "";
			targets = (
				335EF3BD2F1D54580098277C /* Sykle */,
				335EF3CD2F1D545B0098277C /* SykleTests */,
				335EF3D72F1D545B0098277C /* SykleUITests */,
			);
		};
/* End PBXProject section */

/* Begin PBXResourcesBuildPhase section */
		335EF3BC2F1D54580098277C /* Resources */ = {
			isa = PBXResourcesBuildPhase;
			buildActionMask = 2147483647;
			files = (
				339711792F95AE1000D1CD51 /* ShoreditchLondon.gpx in Resources */,
			);
			runOnlyForDeploymentPostprocessing = 0;
		};
		335EF3CC2F1D545B0098277C /* Resources */ = {
			isa = PBXResourcesBuildPhase;
			buildActionMask = 2147483647;
			files = (
			);
			runOnlyForDeploymentPostprocessing = 0;
		};
		335EF3D62F1D545B0098277C /* Resources */ = {
			isa = PBXResourcesBuildPhase;
			buildActionMask = 2147483647;
			files = (
			);
			runOnlyForDeploymentPostprocessing = 0;
		};
/* End PBXResourcesBuildPhase section */

/* Begin PBXSourcesBuildPhase section */
		335EF3BA2F1D54580098277C /* Sources */ = {
			isa = PBXSourcesBuildPhase;
			buildActionMask = 2147483647;
			files = (
				335EF3ED2F1D72D30098277C /* HealthKitManager.swift in Sources */,
				332A3AA02F9A975000038615 /* BasketManager.swift in Sources */,
				332A3A9E2F9A8B1E00038615 /* Models.swift in Sources */,
				332A3AA62F9AE79B00038615 /* PastOrdersView.swift in Sources */,
				339711A12F982FE200D1CD51 /* VoucherStore.swift in Sources */,
				339711752F95A9CA00D1CD51 /* MapView.swift in Sources */,
				335EF3F32F1D72F90098277C /* HomeView.swift in Sources */,
				339711672F9456E100D1CD51 /* SplashView.swift in Sources */,
				339711A32F98480800D1CD51 /* SykleColors.swift in Sources */,
				332A3AA22F9AA91D00038615 /* LocationManager.swift in Sources */,
				335EF3F12F1D72EE0098277C /* OnboardingView.swift in Sources */,
				33D412692F366A9000A6F8B8 /* PartnerDetailView.swift in Sources */,
				33E2BFC82F913DD400855F5D /* QRCodeGenerator.swift in Sources */,
				33D4126A2F366A9000A6F8B8 /* PartnersView.swift in Sources */,
				335EF3F52F1D731B0098277C /* WorkoutsListView.swift in Sources */,
				332A3AAA2F9B107400038615 /* EditDetailsView.swift in Sources */,
				3397118B2F96D2AF00D1CD51 /* BasketView.swift in Sources */,
				3397119F2F982FCA00D1CD51 /* WalletView.swift in Sources */,
				339711772F95AB1700D1CD51 /* FilteredPartnersView.swift in Sources */,
				335EF3F72F1D732E0098277C /* ProfileView.swift in Sources */,
				332A3A9C2F9A8B1700038615 /* PartnerStore.swift in Sources */,
				3397118F2F96E27600D1CD51 /* VoucherView.swift in Sources */,
				33D412722F366AA700A6F8B8 /* Secrets.swift in Sources */,
				33D412732F366AA700A6F8B8 /* Config.swift in Sources */,
				3397116F2F9578B600D1CD51 /* SyncHealthView.swift in Sources */,
				33D412742F366AA700A6F8B8 /* NetworkManager.swift in Sources */,
				33D412752F366AA700A6F8B8 /* UserManager.swift in Sources */,
				339711732F95A9B600D1CD51 /* LeaderboardView.swift in Sources */,
				3397116B2F94617600D1CD51 /*   AuthSheet.swift in Sources */,
				3397116D2F956D7E00D1CD51 /* WelcomeView.swift in Sources */,
				33D412772F366AA700A6F8B8 /* LoginSheet.swift in Sources */,
				339711892F96C88E00D1CD51 /* FilterSheet.swift in Sources */,
				339711712F958AB500D1CD51 /* NotificationsPermissionView.swift in Sources */,
				339711692F945FBF00D1CD51 /* OnboardingCarouselView.swift in Sources */,
				33D412782F366AA700A6F8B8 /* APIModels.swift in Sources */,
				3397118D2F96E24100D1CD51 /* FavouritesView.swift in Sources */,
				335EF3EF2F1D72E30098277C /* ContentView.swift in Sources */,
			);
			runOnlyForDeploymentPostprocessing = 0;
		};
		335EF3CA2F1D545B0098277C /* Sources */ = {
			isa = PBXSourcesBuildPhase;
			buildActionMask = 2147483647;
			files = (
			);
			runOnlyForDeploymentPostprocessing = 0;
		};
		335EF3D42F1D545B0098277C /* Sources */ = {
			isa = PBXSourcesBuildPhase;
			buildActionMask = 2147483647;
			files = (
			);
			runOnlyForDeploymentPostprocessing = 0;
		};
/* End PBXSourcesBuildPhase section */

/* Begin PBXTargetDependency section */
		335EF3D02F1D545B0098277C /* PBXTargetDependency */ = {
			isa = PBXTargetDependency;
			target = 335EF3BD2F1D54580098277C /* Sykle */;
			targetProxy = 335EF3CF2F1D545B0098277C /* PBXContainerItemProxy */;
		};
		335EF3DA2F1D545B0098277C /* PBXTargetDependency */ = {
			isa = PBXTargetDependency;
			target = 335EF3BD2F1D54580098277C /* Sykle */;
			targetProxy = 335EF3D92F1D545B0098277C /* PBXContainerItemProxy */;
		};
/* End PBXTargetDependency section */

/* Begin XCBuildConfiguration section */
		335EF3E02F1D545B0098277C /* Debug */ = {
			isa = XCBuildConfiguration;
			buildSettings = {
				ALWAYS_SEARCH_USER_PATHS = NO;
				ASSETCATALOG_COMPILER_GENERATE_SWIFT_ASSET_SYMBOL_EXTENSIONS = YES;
				CLANG_ANALYZER_NONNULL = YES;
				CLANG_ANALYZER_NUMBER_OBJECT_CONVERSION = YES_AGGRESSIVE;
				CLANG_CXX_LANGUAGE_STANDARD = "gnu++20";
				CLANG_ENABLE_MODULES = YES;
				CLANG_ENABLE_OBJC_ARC = YES;
				CLANG_ENABLE_OBJC_WEAK = YES;
				CLANG_WARN_BLOCK_CAPTURE_AUTORELEASING = YES;
				CLANG_WARN_BOOL_CONVERSION = YES;
				CLANG_WARN_COMMA = YES;
				CLANG_WARN_CONSTANT_CONVERSION = YES;
				CLANG_WARN_DEPRECATED_OBJC_IMPLEMENTATIONS = YES;
				CLANG_WARN_DIRECT_OBJC_ISA_USAGE = YES_ERROR;
				CLANG_WARN_DOCUMENTATION_COMMENTS = YES;
				CLANG_WARN_EMPTY_BODY = YES;
				CLANG_WARN_ENUM_CONVERSION = YES;
				CLANG_WARN_INFINITE_RECURSION = YES;
				CLANG_WARN_INT_CONVERSION = YES;
				CLANG_WARN_NON_LITERAL_NULL_CONVERSION = YES;
				CLANG_WARN_OBJC_IMPLICIT_RETAIN_SELF = YES;
				CLANG_WARN_OBJC_LITERAL_CONVERSION = YES;
				CLANG_WARN_OBJC_ROOT_CLASS = YES_ERROR;
				CLANG_WARN_QUOTED_INCLUDE_IN_FRAMEWORK_HEADER = YES;
				CLANG_WARN_RANGE_LOOP_ANALYSIS = YES;
				CLANG_WARN_STRICT_PROTOTYPES = YES;
				CLANG_WARN_SUSPICIOUS_MOVE = YES;
				CLANG_WARN_UNGUARDED_AVAILABILITY = YES_AGGRESSIVE;
				CLANG_WARN_UNREACHABLE_CODE = YES;
				CLANG_WARN__DUPLICATE_METHOD_MATCH = YES;
				COPY_PHASE_STRIP = NO;
				DEBUG_INFORMATION_FORMAT = dwarf;
				ENABLE_STRICT_OBJC_MSGSEND = YES;
				ENABLE_TESTABILITY = YES;
				ENABLE_USER_SCRIPT_SANDBOXING = YES;
				GCC_C_LANGUAGE_STANDARD = gnu17;
				GCC_DYNAMIC_NO_PIC = NO;
				GCC_NO_COMMON_BLOCKS = YES;
				GCC_OPTIMIZATION_LEVEL = 0;
				GCC_PREPROCESSOR_DEFINITIONS = (
					"DEBUG=1",
					"$(inherited)",
				);
				GCC_WARN_64_TO_32_BIT_CONVERSION = YES;
				GCC_WARN_ABOUT_RETURN_TYPE = YES_ERROR;
				GCC_WARN_UNDECLARED_SELECTOR = YES;
				GCC_WARN_UNINITIALIZED_AUTOS = YES_AGGRESSIVE;
				GCC_WARN_UNUSED_FUNCTION = YES;
				GCC_WARN_UNUSED_VARIABLE = YES;
				IPHONEOS_DEPLOYMENT_TARGET = 18.2;
				LOCALIZATION_PREFERS_STRING_CATALOGS = YES;
				MTL_ENABLE_DEBUG_INFO = INCLUDE_SOURCE;
				MTL_FAST_MATH = YES;
				ONLY_ACTIVE_ARCH = YES;
				SDKROOT = iphoneos;
				STRING_CATALOG_GENERATE_SYMBOLS = YES;
				SWIFT_ACTIVE_COMPILATION_CONDITIONS = "DEBUG $(inherited)";
				SWIFT_OPTIMIZATION_LEVEL = "-Onone";
			};
			name = Debug;
		};
		335EF3E12F1D545B0098277C /* Release */ = {
			isa = XCBuildConfiguration;
			buildSettings = {
				ALWAYS_SEARCH_USER_PATHS = NO;
				ASSETCATALOG_COMPILER_GENERATE_SWIFT_ASSET_SYMBOL_EXTENSIONS = YES;
				CLANG_ANALYZER_NONNULL = YES;
				CLANG_ANALYZER_NUMBER_OBJECT_CONVERSION = YES_AGGRESSIVE;
				CLANG_CXX_LANGUAGE_STANDARD = "gnu++20";
				CLANG_ENABLE_MODULES = YES;
				CLANG_ENABLE_OBJC_ARC = YES;
				CLANG_ENABLE_OBJC_WEAK = YES;
				CLANG_WARN_BLOCK_CAPTURE_AUTORELEASING = YES;
				CLANG_WARN_BOOL_CONVERSION = YES;
				CLANG_WARN_COMMA = YES;
				CLANG_WARN_CONSTANT_CONVERSION = YES;
				CLANG_WARN_DEPRECATED_OBJC_IMPLEMENTATIONS = YES;
				CLANG_WARN_DIRECT_OBJC_ISA_USAGE = YES_ERROR;
				CLANG_WARN_DOCUMENTATION_COMMENTS = YES;
				CLANG_WARN_EMPTY_BODY = YES;
				CLANG_WARN_ENUM_CONVERSION = YES;
				CLANG_WARN_INFINITE_RECURSION = YES;
				CLANG_WARN_INT_CONVERSION = YES;
				CLANG_WARN_NON_LITERAL_NULL_CONVERSION = YES;
				CLANG_WARN_OBJC_IMPLICIT_RETAIN_SELF = YES;
				CLANG_WARN_OBJC_LITERAL_CONVERSION = YES;
				CLANG_WARN_OBJC_ROOT_CLASS = YES_ERROR;
				CLANG_WARN_QUOTED_INCLUDE_IN_FRAMEWORK_HEADER = YES;
				CLANG_WARN_RANGE_LOOP_ANALYSIS = YES;
				CLANG_WARN_STRICT_PROTOTYPES = YES;
				CLANG_WARN_SUSPICIOUS_MOVE = YES;
				CLANG_WARN_UNGUARDED_AVAILABILITY = YES_AGGRESSIVE;
				CLANG_WARN_UNREACHABLE_CODE = YES;
				CLANG_WARN__DUPLICATE_METHOD_MATCH = YES;
				COPY_PHASE_STRIP = NO;
				DEBUG_INFORMATION_FORMAT = "dwarf-with-dsym";
				ENABLE_NS_ASSERTIONS = NO;
				ENABLE_STRICT_OBJC_MSGSEND = YES;
				ENABLE_USER_SCRIPT_SANDBOXING = YES;
				GCC_C_LANGUAGE_STANDARD = gnu17;
				GCC_NO_COMMON_BLOCKS = YES;
				GCC_WARN_64_TO_32_BIT_CONVERSION = YES;
				GCC_WARN_ABOUT_RETURN_TYPE = YES_ERROR;
				GCC_WARN_UNDECLARED_SELECTOR = YES;
				GCC_WARN_UNINITIALIZED_AUTOS = YES_AGGRESSIVE;
				GCC_WARN_UNUSED_FUNCTION = YES;
				GCC_WARN_UNUSED_VARIABLE = YES;
				IPHONEOS_DEPLOYMENT_TARGET = 18.2;
				LOCALIZATION_PREFERS_STRING_CATALOGS = YES;
				MTL_ENABLE_DEBUG_INFO = NO;
				MTL_FAST_MATH = YES;
				SDKROOT = iphoneos;
				STRING_CATALOG_GENERATE_SYMBOLS = YES;
				SWIFT_COMPILATION_MODE = wholemodule;
				VALIDATE_PRODUCT = YES;
			};
			name = Release;
		};
		335EF3E32F1D545B0098277C /* Debug */ = {
			isa = XCBuildConfiguration;
			buildSettings = {
				ASSETCATALOG_COMPILER_APPICON_NAME = AppIcon;
				ASSETCATALOG_COMPILER_GLOBAL_ACCENT_COLOR_NAME = AccentColor;
				CODE_SIGN_ENTITLEMENTS = Sykle/Sykle.entitlements;
				CODE_SIGN_STYLE = Automatic;
				CURRENT_PROJECT_VERSION = 1;
				DEVELOPMENT_ASSET_PATHS = "\"Sykle/Preview Content\"";
				DEVELOPMENT_TEAM = U5Y26N9HLT;
				ENABLE_PREVIEWS = YES;
				GENERATE_INFOPLIST_FILE = YES;
				INFOPLIST_FILE = Sykle/Info.plist;
				INFOPLIST_KEY_NSHealthShareUsageDescription = "Sykle needs access to your cycling workouts to calculate your reward points.";
				INFOPLIST_KEY_NSHealthUpdateUsageDescription = "Sykle needs access to your health data to track your cycling activity.";
				INFOPLIST_KEY_NSLocationWhenInUseUsageDescription = "Sykle uses your location to show nearby partner cafés and bakeries.";
				INFOPLIST_KEY_UIApplicationSceneManifest_Generation = YES;
				INFOPLIST_KEY_UIApplicationSupportsIndirectInputEvents = YES;
				INFOPLIST_KEY_UILaunchScreen_Generation = YES;
				INFOPLIST_KEY_UISupportedInterfaceOrientations_iPad = "UIInterfaceOrientationPortrait UIInterfaceOrientationPortraitUpsideDown UIInterfaceOrientationLandscapeLeft UIInterfaceOrientationLandscapeRight";
				INFOPLIST_KEY_UISupportedInterfaceOrientations_iPhone = "UIInterfaceOrientationPortrait UIInterfaceOrientationLandscapeLeft UIInterfaceOrientationLandscapeRight";
				LD_RUNPATH_SEARCH_PATHS = (
					"$(inherited)",
					"@executable_path/Frameworks",
				);
				MARKETING_VERSION = 1.0;
				PRODUCT_BUNDLE_IDENTIFIER = projectSJ.Sykle;
				PRODUCT_NAME = "$(TARGET_NAME)";
				SWIFT_EMIT_LOC_STRINGS = YES;
				SWIFT_VERSION = 5.0;
				TARGETED_DEVICE_FAMILY = "1,2";
			};
			name = Debug;
		};
		335EF3E42F1D545B0098277C /* Release */ = {
			isa = XCBuildConfiguration;
			buildSettings = {
				ASSETCATALOG_COMPILER_APPICON_NAME = AppIcon;
				ASSETCATALOG_COMPILER_GLOBAL_ACCENT_COLOR_NAME = AccentColor;
				CODE_SIGN_ENTITLEMENTS = Sykle/Sykle.entitlements;
				CODE_SIGN_STYLE = Automatic;
				CURRENT_PROJECT_VERSION = 1;
				DEVELOPMENT_ASSET_PATHS = "\"Sykle/Preview Content\"";
				DEVELOPMENT_TEAM = U5Y26N9HLT;
				ENABLE_PREVIEWS = YES;
				GENERATE_INFOPLIST_FILE = YES;
				INFOPLIST_FILE = Sykle/Info.plist;
				INFOPLIST_KEY_NSHealthShareUsageDescription = "Sykle needs access to your cycling workouts to calculate your reward points.";
				INFOPLIST_KEY_NSHealthUpdateUsageDescription = "Sykle needs access to your health data to track your cycling activity.";
				INFOPLIST_KEY_NSLocationWhenInUseUsageDescription = "Sykle uses your location to show nearby partner cafés and bakeries.";
				INFOPLIST_KEY_UIApplicationSceneManifest_Generation = YES;
				INFOPLIST_KEY_UIApplicationSupportsIndirectInputEvents = YES;
				INFOPLIST_KEY_UILaunchScreen_Generation = YES;
				INFOPLIST_KEY_UISupportedInterfaceOrientations_iPad = "UIInterfaceOrientationPortrait UIInterfaceOrientationPortraitUpsideDown UIInterfaceOrientationLandscapeLeft UIInterfaceOrientationLandscapeRight";
				INFOPLIST_KEY_UISupportedInterfaceOrientations_iPhone = "UIInterfaceOrientationPortrait UIInterfaceOrientationLandscapeLeft UIInterfaceOrientationLandscapeRight";
				LD_RUNPATH_SEARCH_PATHS = (
					"$(inherited)",
					"@executable_path/Frameworks",
				);
				MARKETING_VERSION = 1.0;
				PRODUCT_BUNDLE_IDENTIFIER = projectSJ.Sykle;
				PRODUCT_NAME = "$(TARGET_NAME)";
				SWIFT_EMIT_LOC_STRINGS = YES;
				SWIFT_VERSION = 5.0;
				TARGETED_DEVICE_FAMILY = "1,2";
			};
			name = Release;
		};
		335EF3E62F1D545B0098277C /* Debug */ = {
			isa = XCBuildConfiguration;
			buildSettings = {
				BUNDLE_LOADER = "$(TEST_HOST)";
				CODE_SIGN_STYLE = Automatic;
				CURRENT_PROJECT_VERSION = 1;
				GENERATE_INFOPLIST_FILE = YES;
				IPHONEOS_DEPLOYMENT_TARGET = 18.2;
				MARKETING_VERSION = 1.0;
				PRODUCT_BUNDLE_IDENTIFIER = projectSJ.SykleTests;
				PRODUCT_NAME = "$(TARGET_NAME)";
				SWIFT_EMIT_LOC_STRINGS = NO;
				SWIFT_VERSION = 5.0;
				TARGETED_DEVICE_FAMILY = "1,2";
				TEST_HOST = "$(BUILT_PRODUCTS_DIR)/Sykle.app/$(BUNDLE_EXECUTABLE_FOLDER_PATH)/Sykle";
			};
			name = Debug;
		};
		335EF3E72F1D545B0098277C /* Release */ = {
			isa = XCBuildConfiguration;
			buildSettings = {
				BUNDLE_LOADER = "$(TEST_HOST)";
				CODE_SIGN_STYLE = Automatic;
				CURRENT_PROJECT_VERSION = 1;
				GENERATE_INFOPLIST_FILE = YES;
				IPHONEOS_DEPLOYMENT_TARGET = 18.2;
				MARKETING_VERSION = 1.0;
				PRODUCT_BUNDLE_IDENTIFIER = projectSJ.SykleTests;
				PRODUCT_NAME = "$(TARGET_NAME)";
				SWIFT_EMIT_LOC_STRINGS = NO;
				SWIFT_VERSION = 5.0;
				TARGETED_DEVICE_FAMILY = "1,2";
				TEST_HOST = "$(BUILT_PRODUCTS_DIR)/Sykle.app/$(BUNDLE_EXECUTABLE_FOLDER_PATH)/Sykle";
			};
			name = Release;
		};
		335EF3E92F1D545B0098277C /* Debug */ = {
			isa = XCBuildConfiguration;
			buildSettings = {
				CODE_SIGN_STYLE = Automatic;
				CURRENT_PROJECT_VERSION = 1;
				GENERATE_INFOPLIST_FILE = YES;
				MARKETING_VERSION = 1.0;
				PRODUCT_BUNDLE_IDENTIFIER = projectSJ.SykleUITests;
				PRODUCT_NAME = "$(TARGET_NAME)";
				SWIFT_EMIT_LOC_STRINGS = NO;
				SWIFT_VERSION = 5.0;
				TARGETED_DEVICE_FAMILY = "1,2";
				TEST_TARGET_NAME = Sykle;
			};
			name = Debug;
		};
		335EF3EA2F1D545B0098277C /* Release */ = {
			isa = XCBuildConfiguration;
			buildSettings = {
				CODE_SIGN_STYLE = Automatic;
				CURRENT_PROJECT_VERSION = 1;
				GENERATE_INFOPLIST_FILE = YES;
				MARKETING_VERSION = 1.0;
				PRODUCT_BUNDLE_IDENTIFIER = projectSJ.SykleUITests;
				PRODUCT_NAME = "$(TARGET_NAME)";
				SWIFT_EMIT_LOC_STRINGS = NO;
				SWIFT_VERSION = 5.0;
				TARGETED_DEVICE_FAMILY = "1,2";
				TEST_TARGET_NAME = Sykle;
			};
			name = Release;
		};
/* End XCBuildConfiguration section */

/* Begin XCConfigurationList section */
		335EF3B92F1D54580098277C /* Build configuration list for PBXProject "Sykle" */ = {
			isa = XCConfigurationList;
			buildConfigurations = (
				335EF3E02F1D545B0098277C /* Debug */,
				335EF3E12F1D545B0098277C /* Release */,
			);
			defaultConfigurationIsVisible = 0;
			defaultConfigurationName = Release;
		};
		335EF3E22F1D545B0098277C /* Build configuration list for PBXNativeTarget "Sykle" */ = {
			isa = XCConfigurationList;
			buildConfigurations = (
				335EF3E32F1D545B0098277C /* Debug */,
				335EF3E42F1D545B0098277C /* Release */,
			);
			defaultConfigurationIsVisible = 0;
			defaultConfigurationName = Release;
		};
		335EF3E52F1D545B0098277C /* Build configuration list for PBXNativeTarget "SykleTests" */ = {
			isa = XCConfigurationList;
			buildConfigurations = (
				335EF3E62F1D545B0098277C /* Debug */,
				335EF3E72F1D545B0098277C /* Release */,
			);
			defaultConfigurationIsVisible = 0;
			defaultConfigurationName = Release;
		};
		335EF3E82F1D545B0098277C /* Build configuration list for PBXNativeTarget "SykleUITests" */ = {
			isa = XCConfigurationList;
			buildConfigurations = (
				335EF3E92F1D545B0098277C /* Debug */,
				335EF3EA2F1D545B0098277C /* Release */,
			);
			defaultConfigurationIsVisible = 0;
			defaultConfigurationName = Release;
		};
/* End XCConfigurationList section */
	};
	rootObject = 335EF3B62F1D54580098277C /* Project object */;
}
